// !$*UTF8*$!
{
	archiveVersion = 1;
	classes = {
	};
	objectVersion = 56;
	objects = {

/* Begin PBXBuildFile section */
		FAB2235A28F827080092C168 /* Person+CoreDataClass.swift in Sources */ = {isa = PBXBuildFile; fileRef = FAB2235828F827080092C168 /* Person+CoreDataClass.swift */; };
		FAB2235B28F827080092C168 /* Person+CoreDataProperties.swift in Sources */ = {isa = PBXBuildFile; fileRef = FAB2235928F827080092C168 /* Person+CoreDataProperties.swift */; };
		FAB2235E28F82E240092C168 /* CoreDataManager.swift in Sources */ = {isa = PBXBuildFile; fileRef = FAB2235D28F82E240092C168 /* CoreDataManager.swift */; };
		FAE8C99828F5A7870017F330 /* AppDelegate.swift in Sources */ = {isa = PBXBuildFile; fileRef = FAE8C99728F5A7870017F330 /* AppDelegate.swift */; };
		FAE8C99A28F5A7870017F330 /* SceneDelegate.swift in Sources */ = {isa = PBXBuildFile; fileRef = FAE8C99928F5A7870017F330 /* SceneDelegate.swift */; };
		FAE8C99C28F5A7870017F330 /* ViewController.swift in Sources */ = {isa = PBXBuildFile; fileRef = FAE8C99B28F5A7870017F330 /* ViewController.swift */; };
		FAE8C99F28F5A7870017F330 /* Main.storyboard in Resources */ = {isa = PBXBuildFile; fileRef = FAE8C99D28F5A7870017F330 /* Main.storyboard */; };
		FAE8C9A228F5A7870017F330 /* CoreData_Basic.xcdatamodeld in Sources */ = {isa = PBXBuildFile; fileRef = FAE8C9A028F5A7870017F330 /* CoreData_Basic.xcdatamodeld */; };
		FAE8C9A428F5A7880017F330 /* Assets.xcassets in Resources */ = {isa = PBXBuildFile; fileRef = FAE8C9A328F5A7880017F330 /* Assets.xcassets */; };
		FAE8C9A728F5A7880017F330 /* LaunchScreen.storyboard in Resources */ = {isa = PBXBuildFile; fileRef = FAE8C9A528F5A7880017F330 /* LaunchScreen.storyboard */; };
/* End PBXBuildFile section */

/* Begin PBXFileReference section */
		FAB2235828F827080092C168 /* Person+CoreDataClass.swift */ = {isa = PBXFileReference; lastKnownFileType = sourcecode.swift; path = "Person+CoreDataClass.swift"; sourceTree = "<group>"; };
		FAB2235928F827080092C168 /* Person+CoreDataProperties.swift */ = {isa = PBXFileReference; lastKnownFileType = sourcecode.swift; path = "Person+CoreDataProperties.swift"; sourceTree = "<group>"; };
		FAB2235C28F82D5F0092C168 /* CoreData_Basic 2.xcdatamodel */ = {isa = PBXFileReference; lastKnownFileType = wrapper.xcdatamodel; path = "CoreData_Basic 2.xcdatamodel"; sourceTree = "<group>"; };
		FAB2235D28F82E240092C168 /* CoreDataManager.swift */ = {isa = PBXFileReference; lastKnownFileType = sourcecode.swift; path = CoreDataManager.swift; sourceTree = "<group>"; };
		FAE8C99428F5A7870017F330 /* CoreData_Basic.app */ = {isa = PBXFileReference; explicitFileType = wrapper.application; includeInIndex = 0; path = CoreData_Basic.app; sourceTree = BUILT_PRODUCTS_DIR; };
		FAE8C99728F5A7870017F330 /* AppDelegate.swift */ = {isa = PBXFileReference; lastKnownFileType = sourcecode.swift; path = AppDelegate.swift; sourceTree = "<group>"; };
		FAE8C99928F5A7870017F330 /* SceneDelegate.swift */ = {isa = PBXFileReference; lastKnownFileType = sourcecode.swift; path = SceneDelegate.swift; sourceTree = "<group>"; };
		FAE8C99B28F5A7870017F330 /* ViewController.swift */ = {isa = PBXFileReference; lastKnownFileType = sourcecode.swift; path = ViewController.swift; sourceTree = "<group>"; };
		FAE8C99E28F5A7870017F330 /* Base */ = {isa = PBXFileReference; lastKnownFileType = file.storyboard; name = Base; path = Base.lproj/Main.storyboard; sourceTree = "<group>"; };
		FAE8C9A128F5A7870017F330 /* CoreData_Basic.xcdatamodel */ = {isa = PBXFileReference; lastKnownFileType = wrapper.xcdatamodel; path = CoreData_Basic.xcdatamodel; sourceTree = "<group>"; };
		FAE8C9A328F5A7880017F330 /* Assets.xcassets */ = {isa = PBXFileReference; lastKnownFileType = folder.assetcatalog; path = Assets.xcassets; sourceTree = "<group>"; };
		FAE8C9A628F5A7880017F330 /* Base */ = {isa = PBXFileReference; lastKnownFileType = file.storyboard; name = Base; path = Base.lproj/LaunchScreen.storyboard; sourceTree = "<group>"; };
		FAE8C9A828F5A7880017F330 /* Info.plist */ = {isa = PBXFileReference; lastKnownFileType = text.plist.xml; path = Info.plist; sourceTree = "<group>"; };
/* End PBXFileReference section */

/* Begin PBXFrameworksBuildPhase section */
		FAE8C99128F5A7870017F330 /* Frameworks */ = {
			isa = PBXFrameworksBuildPhase;
			buildActionMask = 2147483647;
			files = (
			);
			runOnlyForDeploymentPostprocessing = 0;
		};
/* End PBXFrameworksBuildPhase section */

/* Begin PBXGroup section */
		FAB2235F28F82E420092C168 /* Entity */ = {
			isa = PBXGroup;
			children = (
				FAB2235828F827080092C168 /* Person+CoreDataClass.swift */,
				FAB2235928F827080092C168 /* Person+CoreDataProperties.swift */,
			);
			path = Entity;
			sourceTree = "<group>";
		};
		FAB2236028F82E780092C168 /* Model */ = {
			isa = PBXGroup;
			children = (
				FAB2235D28F82E240092C168 /* CoreDataManager.swift */,
			);
			path = Model;
			sourceTree = "<group>";
		};
		FAE8C98B28F5A7870017F330 = {
			isa = PBXGroup;
			children = (
				FAB2235F28F82E420092C168 /* Entity */,
				FAE8C99628F5A7870017F330 /* CoreData_Basic */,
				FAE8C99528F5A7870017F330 /* Products */,
			);
			sourceTree = "<group>";
		};
		FAE8C99528F5A7870017F330 /* Products */ = {
			isa = PBXGroup;
			children = (
				FAE8C99428F5A7870017F330 /* CoreData_Basic.app */,
			);
			name = Products;
			sourceTree = "<group>";
		};
		FAE8C99628F5A7870017F330 /* CoreData_Basic */ = {
			isa = PBXGroup;
			children = (
				FAB2236028F82E780092C168 /* Model */,
				FAE8C99728F5A7870017F330 /* AppDelegate.swift */,
				FAE8C99928F5A7870017F330 /* SceneDelegate.swift */,
				FAE8C99B28F5A7870017F330 /* ViewController.swift */,
				FAE8C99D28F5A7870017F330 /* Main.storyboard */,
				FAE8C9A328F5A7880017F330 /* Assets.xcassets */,
				FAE8C9A528F5A7880017F330 /* LaunchScreen.storyboard */,
				FAE8C9A828F5A7880017F330 /* Info.plist */,
				FAE8C9A028F5A7870017F330 /* CoreData_Basic.xcdatamodeld */,
			);
			path = CoreData_Basic;
			sourceTree = "<group>";
		};
/* End PBXGroup section */

/* Begin PBXNativeTarget section */
		FAE8C99328F5A7870017F330 /* CoreData_Basic */ = {
			isa = PBXNativeTarget;
			buildConfigurationList = FAE8C9AB28F5A7880017F330 /* Build configuration list for PBXNativeTarget "CoreData_Basic" */;
			buildPhases = (
				FAE8C99028F5A7870017F330 /* Sources */,
				FAE8C99128F5A7870017F330 /* Frameworks */,
				FAE8C99228F5A7870017F330 /* Resources */,
			);
			buildRules = (
			);
			dependencies = (
			);
			name = CoreData_Basic;
			productName = CoreData_Basic;
			productReference = FAE8C99428F5A7870017F330 /* CoreData_Basic.app */;
			productType = "com.apple.product-type.application";
		};
/* End PBXNativeTarget section */

/* Begin PBXProject section */
		FAE8C98C28F5A7870017F330 /* Project object */ = {
			isa = PBXProject;
			attributes = {
				BuildIndependentTargetsInParallel = 1;
				LastSwiftUpdateCheck = 1400;
				LastUpgradeCheck = 1400;
				TargetAttributes = {
					FAE8C99328F5A7870017F330 = {
						CreatedOnToolsVersion = 14.0.1;
					};
				};
			};
			buildConfigurationList = FAE8C98F28F5A7870017F330 /* Build configuration list for PBXProject "CoreData_Basic" */;
			compatibilityVersion = "Xcode 14.0";
			developmentRegion = en;
			hasScannedForEncodings = 0;
			knownRegions = (
				en,
				Base,
			);
			mainGroup = FAE8C98B28F5A7870017F330;
			productRefGroup = FAE8C99528F5A7870017F330 /* Products */;
			projectDirPath = "";
			projectRoot = "";
			targets = (
				FAE8C99328F5A7870017F330 /* CoreData_Basic */,
			);
		};
/* End PBXProject section */

/* Begin PBXResourcesBuildPhase section */
		FAE8C99228F5A7870017F330 /* Resources */ = {
			isa = PBXResourcesBuildPhase;
			buildActionMask = 2147483647;
			files = (
				FAE8C9A728F5A7880017F330 /* LaunchScreen.storyboard in Resources */,
				FAE8C9A428F5A7880017F330 /* Assets.xcassets in Resources */,
				FAE8C99F28F5A7870017F330 /* Main.storyboard in Resources */,
			);
			runOnlyForDeploymentPostprocessing = 0;
		};
/* End PBXResourcesBuildPhase section */

/* Begin PBXSourcesBuildPhase section */
		FAE8C99028F5A7870017F330 /* Sources */ = {
			isa = PBXSourcesBuildPhase;
			buildActionMask = 2147483647;
			files = (
				FAE8C99C28F5A7870017F330 /* ViewController.swift in Sources */,
				FAE8C99828F5A7870017F330 /* AppDelegate.swift in Sources */,
				FAB2235B28F827080092C168 /* Person+CoreDataProperties.swift in Sources */,
				FAB2235A28F827080092C168 /* Person+CoreDataClass.swift in Sources */,
				FAE8C99A28F5A7870017F330 /* SceneDelegate.swift in Sources */,
				FAB2235E28F82E240092C168 /* CoreDataManager.swift in Sources */,
				FAE8C9A228F5A7870017F330 /* CoreData_Basic.xcdatamodeld in Sources */,
			);
			runOnlyForDeploymentPostprocessing = 0;
		};
/* End PBXSourcesBuildPhase section */

/* Begin PBXVariantGroup section */
		FAE8C99D28F5A7870017F330 /* Main.storyboard */ = {
			isa = PBXVariantGroup;
			children = (
				FAE8C99E28F5A7870017F330 /* Base */,
			);
			name = Main.storyboard;
			sourceTree = "<group>";
		};
		FAE8C9A528F5A7880017F330 /* LaunchScreen.storyboard */ = {
			isa = PBXVariantGroup;
			children = (
				FAE8C9A628F5A7880017F330 /* Base */,
			);
			name = LaunchScreen.storyboard;
			sourceTree = "<group>";
		};
/* End PBXVariantGroup section */

/* Begin XCBuildConfiguration section */
		FAE8C9A928F5A7880017F330 /* Debug */ = {
			isa = XCBuildConfiguration;
			buildSettings = {
				ALWAYS_SEARCH_USER_PATHS = NO;
				CLANG_ANALYZER_NONNULL = YES;
				CLANG_ANALYZER_NUMBER_OBJECT_CONVERSION = YES_AGGRESSIVE;
				CLANG_CXX_LANGUAGE_STANDARD = "gnu++20";
				CLANG_ENABLE_MODULES = YES;
				CLANG_ENABLE_OBJC_ARC = YES;
				CLANG_ENABLE_OBJC_WEAK = YES;
				CLANG_WARN_BLOCK_CAPTURE_AUTORELEASING = YES;
				CLANG_WARN_BOOL_CONVERSION = YES;
				CLANG_WARN_COMMA = YES;
				CLANG_WARN_CONSTANT_CONVERSION = YES;
				CLANG_WARN_DEPRECATED_OBJC_IMPLEMENTATIONS = YES;
				CLANG_WARN_DIRECT_OBJC_ISA_USAGE = YES_ERROR;
				CLANG_WARN_DOCUMENTATION_COMMENTS = YES;
				CLANG_WARN_EMPTY_BODY = YES;
				CLANG_WARN_ENUM_CONVERSION = YES;
				CLANG_WARN_INFINITE_RECURSION = YES;
				CLANG_WARN_INT_CONVERSION = YES;
				CLANG_WARN_NON_LITERAL_NULL_CONVERSION = YES;
				CLANG_WARN_OBJC_IMPLICIT_RETAIN_SELF = YES;
				CLANG_WARN_OBJC_LITERAL_CONVERSION = YES;
				CLANG_WARN_OBJC_ROOT_CLASS = YES_ERROR;
				CLANG_WARN_QUOTED_INCLUDE_IN_FRAMEWORK_HEADER = YES;
				CLANG_WARN_RANGE_LOOP_ANALYSIS = YES;
				CLANG_WARN_STRICT_PROTOTYPES = YES;
				CLANG_WARN_SUSPICIOUS_MOVE = YES;
				CLANG_WARN_UNGUARDED_AVAILABILITY = YES_AGGRESSIVE;
				CLANG_WARN_UNREACHABLE_CODE = YES;
				CLANG_WARN__DUPLICATE_METHOD_MATCH = YES;
				COPY_PHASE_STRIP = NO;
				DEBUG_INFORMATION_FORMAT = dwarf;
				ENABLE_STRICT_OBJC_MSGSEND = YES;
				ENABLE_TESTABILITY = YES;
				GCC_C_LANGUAGE_STANDARD = gnu11;
				GCC_DYNAMIC_NO_PIC = NO;
				GCC_NO_COMMON_BLOCKS = YES;
				GCC_OPTIMIZATION_LEVEL = 0;
				GCC_PREPROCESSOR_DEFINITIONS = (
					"DEBUG=1",
					"$(inherited)",
				);
				GCC_WARN_64_TO_32_BIT_CONVERSION = YES;
				GCC_WARN_ABOUT_RETURN_TYPE = YES_ERROR;
				GCC_WARN_UNDECLARED_SELECTOR = YES;
				GCC_WARN_UNINITIALIZED_AUTOS = YES_AGGRESSIVE;
				GCC_WARN_UNUSED_FUNCTION = YES;
				GCC_WARN_UNUSED_VARIABLE = YES;
				IPHONEOS_DEPLOYMENT_TARGET = 16.0;
				MTL_ENABLE_DEBUG_INFO = INCLUDE_SOURCE;
				MTL_FAST_MATH = YES;
				ONLY_ACTIVE_ARCH = YES;
				SDKROOT = iphoneos;
				SWIFT_ACTIVE_COMPILATION_CONDITIONS = DEBUG;
				SWIFT_OPTIMIZATION_LEVEL = "-Onone";
			};
			name = Debug;
		};
		FAE8C9AA28F5A7880017F330 /* Release */ = {
			isa = XCBuildConfiguration;
			buildSettings = {
				ALWAYS_SEARCH_USER_PATHS = NO;
				CLANG_ANALYZER_NONNULL = YES;
				CLANG_ANALYZER_NUMBER_OBJECT_CONVERSION = YES_AGGRESSIVE;
				CLANG_CXX_LANGUAGE_STANDARD = "gnu++20";
				CLANG_ENABLE_MODULES = YES;
				CLANG_ENABLE_OBJC_ARC = YES;
				CLANG_ENABLE_OBJC_WEAK = YES;
				CLANG_WARN_BLOCK_CAPTURE_AUTORELEASING = YES;
				CLANG_WARN_BOOL_CONVERSION = YES;
				CLANG_WARN_COMMA = YES;
				CLANG_WARN_CONSTANT_CONVERSION = YES;
				CLANG_WARN_DEPRECATED_OBJC_IMPLEMENTATIONS = YES;
				CLANG_WARN_DIRECT_OBJC_ISA_USAGE = YES_ERROR;
				CLANG_WARN_DOCUMENTATION_COMMENTS = YES;
				CLANG_WARN_EMPTY_BODY = YES;
				CLANG_WARN_ENUM_CONVERSION = YES;
				CLANG_WARN_INFINITE_RECURSION = YES;
				CLANG_WARN_INT_CONVERSION = YES;
				CLANG_WARN_NON_LITERAL_NULL_CONVERSION = YES;
				CLANG_WARN_OBJC_IMPLICIT_RETAIN_SELF = YES;
				CLANG_WARN_OBJC_LITERAL_CONVERSION = YES;
				CLANG_WARN_OBJC_ROOT_CLASS = YES_ERROR;
				CLANG_WARN_QUOTED_INCLUDE_IN_FRAMEWORK_HEADER = YES;
				CLANG_WARN_RANGE_LOOP_ANALYSIS = YES;
				CLANG_WARN_STRICT_PROTOTYPES = YES;
				CLANG_WARN_SUSPICIOUS_MOVE = YES;
				CLANG_WARN_UNGUARDED_AVAILABILITY = YES_AGGRESSIVE;
				CLANG_WARN_UNREACHABLE_CODE = YES;
				CLANG_WARN__DUPLICATE_METHOD_MATCH = YES;
				COPY_PHASE_STRIP = NO;
				DEBUG_INFORMATION_FORMAT = "dwarf-with-dsym";
				ENABLE_NS_ASSERTIONS = NO;
				ENABLE_STRICT_OBJC_MSGSEND = YES;
				GCC_C_LANGUAGE_STANDARD = gnu11;
				GCC_NO_COMMON_BLOCKS = YES;
				GCC_WARN_64_TO_32_BIT_CONVERSION = YES;
				GCC_WARN_ABOUT_RETURN_TYPE = YES_ERROR;
				GCC_WARN_UNDECLARED_SELECTOR = YES;
				GCC_WARN_UNINITIALIZED_AUTOS = YES_AGGRESSIVE;
				GCC_WARN_UNUSED_FUNCTION = YES;
				GCC_WARN_UNUSED_VARIABLE = YES;
				IPHONEOS_DEPLOYMENT_TARGET = 16.0;
				MTL_ENABLE_DEBUG_INFO = NO;
				MTL_FAST_MATH = YES;
				SDKROOT = iphoneos;
				SWIFT_COMPILATION_MODE = wholemodule;
				SWIFT_OPTIMIZATION_LEVEL = "-O";
				VALIDATE_PRODUCT = YES;
			};
			name = Release;
		};
		FAE8C9AC28F5A7880017F330 /* Debug */ = {
			isa = XCBuildConfiguration;
			buildSettings = {
				ASSETCATALOG_COMPILER_APPICON_NAME = AppIcon;
				ASSETCATALOG_COMPILER_GLOBAL_ACCENT_COLOR_NAME = AccentColor;
				CODE_SIGN_STYLE = Automatic;
				CURRENT_PROJECT_VERSION = 1;
				DEVELOPMENT_TEAM = 763C3KNABL;
				GENERATE_INFOPLIST_FILE = YES;
				INFOPLIST_FILE = CoreData_Basic/Info.plist;
				INFOPLIST_KEY_UIApplicationSupportsIndirectInputEvents = YES;
				INFOPLIST_KEY_UILaunchStoryboardName = LaunchScreen;
				INFOPLIST_KEY_UIMainStoryboardFile = Main;
				INFOPLIST_KEY_UISupportedInterfaceOrientations_iPad = "UIInterfaceOrientationPortrait UIInterfaceOrientationPortraitUpsideDown UIInterfaceOrientationLandscapeLeft UIInterfaceOrientationLandscapeRight";
				INFOPLIST_KEY_UISupportedInterfaceOrientations_iPhone = "UIInterfaceOrientationPortrait UIInterfaceOrientationLandscapeLeft UIInterfaceOrientationLandscapeRight";
				LD_RUNPATH_SEARCH_PATHS = (
					"$(inherited)",
					"@executable_path/Frameworks",
				);
				MARKETING_VERSION = 1.0;
				PRODUCT_BUNDLE_IDENTIFIER = "vnavrockij.CoreData-Basic";
				PRODUCT_NAME = "$(TARGET_NAME)";
				SWIFT_EMIT_LOC_STRINGS = YES;
				SWIFT_VERSION = 5.0;
				TARGETED_DEVICE_FAMILY = "1,2";
			};
			name = Debug;
		};
		FAE8C9AD28F5A7880017F330 /* Release */ = {
			isa = XCBuildConfiguration;
			buildSettings = {
				ASSETCATALOG_COMPILER_APPICON_NAME = AppIcon;
				ASSETCATALOG_COMPILER_GLOBAL_ACCENT_COLOR_NAME = AccentColor;
				CODE_SIGN_STYLE = Automatic;
				CURRENT_PROJECT_VERSION = 1;
				DEVELOPMENT_TEAM = 763C3KNABL;
				GENERATE_INFOPLIST_FILE = YES;
				INFOPLIST_FILE = CoreData_Basic/Info.plist;
				INFOPLIST_KEY_UIApplicationSupportsIndirectInputEvents = YES;
				INFOPLIST_KEY_UILaunchStoryboardName = LaunchScreen;
				INFOPLIST_KEY_UIMainStoryboardFile = Main;
				INFOPLIST_KEY_UISupportedInterfaceOrientations_iPad = "UIInterfaceOrientationPortrait UIInterfaceOrientationPortraitUpsideDown UIInterfaceOrientationLandscapeLeft UIInterfaceOrientationLandscapeRight";
				INFOPLIST_KEY_UISupportedInterfaceOrientations_iPhone = "UIInterfaceOrientationPortrait UIInterfaceOrientationLandscapeLeft UIInterfaceOrientationLandscapeRight";
				LD_RUNPATH_SEARCH_PATHS = (
					"$(inherited)",
					"@executable_path/Frameworks",
				);
				MARKETING_VERSION = 1.0;
				PRODUCT_BUNDLE_IDENTIFIER = "vnavrockij.CoreData-Basic";
				PRODUCT_NAME = "$(TARGET_NAME)";
				SWIFT_EMIT_LOC_STRINGS = YES;
				SWIFT_VERSION = 5.0;
				TARGETED_DEVICE_FAMILY = "1,2";
			};
			name = Release;
		};
/* End XCBuildConfiguration section */

/* Begin XCConfigurationList section */
		FAE8C98F28F5A7870017F330 /* Build configuration list for PBXProject "CoreData_Basic" */ = {
			isa = XCConfigurationList;
			buildConfigurations = (
				FAE8C9A928F5A7880017F330 /* Debug */,
				FAE8C9AA28F5A7880017F330 /* Release */,
			);
			defaultConfigurationIsVisible = 0;
			defaultConfigurationName = Release;
		};
		FAE8C9AB28F5A7880017F330 /* Build configuration list for PBXNativeTarget "CoreData_Basic" */ = {
			isa = XCConfigurationList;
			buildConfigurations = (
				FAE8C9AC28F5A7880017F330 /* Debug */,
				FAE8C9AD28F5A7880017F330 /* Release */,
			);
			defaultConfigurationIsVisible = 0;
			defaultConfigurationName = Release;
		};
/* End XCConfigurationList section */

/* Begin XCVersionGroup section */
		FAE8C9A028F5A7870017F330 /* CoreData_Basic.xcdatamodeld */ = {
			isa = XCVersionGroup;
			children = (
				FAB2235C28F82D5F0092C168 /* CoreData_Basic 2.xcdatamodel */,
				FAE8C9A128F5A7870017F330 /* CoreData_Basic.xcdatamodel */,
			);
			currentVersion = FAE8C9A128F5A7870017F330 /* CoreData_Basic.xcdatamodel */;
			path = CoreData_Basic.xcdatamodeld;
			sourceTree = "<group>";
			versionGroupType = wrapper.xcdatamodel;
		};
/* End XCVersionGroup section */
	};
	rootObject = FAE8C98C28F5A7870017F330 /* Project object */;
}
